
Microsoft Visual Studio Solution File, Format Version 12.00
# Visual Studio Version 17
VisualStudioVersion = 17.5.33627.172
MinimumVisualStudioVersion = 10.0.40219.1
Project("{FAE04EC0-301F-11D3-BF4B-00C04F79EFBC}") = "PenDB", "PenDB\PenDB.csproj", "{B7429B1B-097B-4A6D-A3E1-4B79F6A80E82}"
EndProject
Project("{FAE04EC0-301F-11D3-BF4B-00C04F79EFBC}") = "DBTest", "DBTest\DBTest.csproj", "{6082F123-2FA7-4637-9138-D03B5E1E733D}"
EndProject
Global
	GlobalSection(SolutionConfigurationPlatforms) = preSolution
		Debug|Any CPU = Debug|Any CPU
		Release|Any CPU = Release|Any CPU
	EndGlobalSection
	GlobalSection(ProjectConfigurationPlatforms) = postSolution
		{B7429B1B-097B-4A6D-A3E1-4B79F6A80E82}.Debug|Any CPU.ActiveCfg = Debug|Any CPU
		{B7429B1B-097B-4A6D-A3E1-4B79F6A80E82}.Debug|Any CPU.Build.0 = Debug|Any CPU
		{B7429B1B-097B-4A6D-A3E1-4B79F6A80E82}.Release|Any CPU.ActiveCfg = Release|Any CPU
		{B7429B1B-097B-4A6D-A3E1-4B79F6A80E82}.Release|Any CPU.Build.0 = Release|Any CPU
		{6082F123-2FA7-4637-9138-D03B5E1E733D}.Debug|Any CPU.ActiveCfg = Debug|Any CPU
		{6082F123-2FA7-4637-9138-D03B5E1E733D}.Debug|Any CPU.Build.0 = Debug|Any CPU
		{6082F123-2FA7-4637-9138-D03B5E1E733D}.Release|Any CPU.ActiveCfg = Release|Any CPU
		{6082F123-2FA7-4637-9138-D03B5E1E733D}.Release|Any CPU.Build.0 = Release|Any CPU
	EndGlobalSection
	GlobalSection(SolutionProperties) = preSolution
		HideSolutionNode = FALSE
	EndGlobalSection
	GlobalSection(ExtensibilityGlobals) = postSolution
		SolutionGuid = {217E3F0E-9FFF-45C7-ADC0-CE6DFF39805F}
	EndGlobalSection
EndGlobal
